// !$*UTF8*$!
{
	archiveVersion = 1;
	classes = {
	};
	objectVersion = 55;
	objects = {

/* Begin PBXBuildFile section */
		2525A60A2753D5C200AB70A2 /* AppDelegate.swift in Sources */ = {isa = PBXBuildFile; fileRef = 2525A6092753D5C200AB70A2 /* AppDelegate.swift */; };
		2525A60C2753D5C200AB70A2 /* SceneDelegate.swift in Sources */ = {isa = PBXBuildFile; fileRef = 2525A60B2753D5C200AB70A2 /* SceneDelegate.swift */; };
		2525A60E2753D5C200AB70A2 /* ViewController.swift in Sources */ = {isa = PBXBuildFile; fileRef = 2525A60D2753D5C200AB70A2 /* ViewController.swift */; };
		2525A6112753D5C200AB70A2 /* Main.storyboard in Resources */ = {isa = PBXBuildFile; fileRef = 2525A60F2753D5C200AB70A2 /* Main.storyboard */; };
		2525A6132753D5C300AB70A2 /* Assets.xcassets in Resources */ = {isa = PBXBuildFile; fileRef = 2525A6122753D5C300AB70A2 /* Assets.xcassets */; };
		2525A6162753D5C300AB70A2 /* LaunchScreen.storyboard in Resources */ = {isa = PBXBuildFile; fileRef = 2525A6142753D5C300AB70A2 /* LaunchScreen.storyboard */; };
		2525A6212753D5C300AB70A2 /* _12601Tests.swift in Sources */ = {isa = PBXBuildFile; fileRef = 2525A6202753D5C300AB70A2 /* _12601Tests.swift */; };
		2525A62B2753D5C300AB70A2 /* _12601UITests.swift in Sources */ = {isa = PBXBuildFile; fileRef = 2525A62A2753D5C300AB70A2 /* _12601UITests.swift */; };
		2525A62D2753D5C300AB70A2 /* _12601UITestsLaunchTests.swift in Sources */ = {isa = PBXBuildFile; fileRef = 2525A62C2753D5C300AB70A2 /* _12601UITestsLaunchTests.swift */; };
/* End PBXBuildFile section */

/* Begin PBXContainerItemProxy section */
		2525A61D2753D5C300AB70A2 /* PBXContainerItemProxy */ = {
			isa = PBXContainerItemProxy;
			containerPortal = 2525A5FE2753D5C200AB70A2 /* Project object */;
			proxyType = 1;
			remoteGlobalIDString = 2525A6052753D5C200AB70A2;
			remoteInfo = 112601;
		};
		2525A6272753D5C300AB70A2 /* PBXContainerItemProxy */ = {
			isa = PBXContainerItemProxy;
			containerPortal = 2525A5FE2753D5C200AB70A2 /* Project object */;
			proxyType = 1;
			remoteGlobalIDString = 2525A6052753D5C200AB70A2;
			remoteInfo = 112601;
		};
/* End PBXContainerItemProxy section */

/* Begin PBXFileReference section */
		2525A6062753D5C200AB70A2 /* 112601.app */ = {isa = PBXFileReference; explicitFileType = wrapper.application; includeInIndex = 0; path = 112601.app; sourceTree = BUILT_PRODUCTS_DIR; };
		2525A6092753D5C200AB70A2 /* AppDelegate.swift */ = {isa = PBXFileReference; lastKnownFileType = sourcecode.swift; path = AppDelegate.swift; sourceTree = "<group>"; };
		2525A60B2753D5C200AB70A2 /* SceneDelegate.swift */ = {isa = PBXFileReference; lastKnownFileType = sourcecode.swift; path = SceneDelegate.swift; sourceTree = "<group>"; };
		2525A60D2753D5C200AB70A2 /* ViewController.swift */ = {isa = PBXFileReference; lastKnownFileType = sourcecode.swift; path = ViewController.swift; sourceTree = "<group>"; };
		2525A6102753D5C200AB70A2 /* Base */ = {isa = PBXFileReference; lastKnownFileType = file.storyboard; name = Base; path = Base.lproj/Main.storyboard; sourceTree = "<group>"; };
		2525A6122753D5C300AB70A2 /* Assets.xcassets */ = {isa = PBXFileReference; lastKnownFileType = folder.assetcatalog; path = Assets.xcassets; sourceTree = "<group>"; };
		2525A6152753D5C300AB70A2 /* Base */ = {isa = PBXFileReference; lastKnownFileType = file.storyboard; name = Base; path = Base.lproj/LaunchScreen.storyboard; sourceTree = "<group>"; };
		2525A6172753D5C300AB70A2 /* Info.plist */ = {isa = PBXFileReference; lastKnownFileType = text.plist.xml; path = Info.plist; sourceTree = "<group>"; };
		2525A61C2753D5C300AB70A2 /* 112601Tests.xctest */ = {isa = PBXFileReference; explicitFileType = wrapper.cfbundle; includeInIndex = 0; path = 112601Tests.xctest; sourceTree = BUILT_PRODUCTS_DIR; };
		2525A6202753D5C300AB70A2 /* _12601Tests.swift */ = {isa = PBXFileReference; lastKnownFileType = sourcecode.swift; path = _12601Tests.swift; sourceTree = "<group>"; };
		2525A6262753D5C300AB70A2 /* 112601UITests.xctest */ = {isa = PBXFileReference; explicitFileType = wrapper.cfbundle; includeInIndex = 0; path = 112601UITests.xctest; sourceTree = BUILT_PRODUCTS_DIR; };
		2525A62A2753D5C300AB70A2 /* _12601UITests.swift */ = {isa = PBXFileReference; lastKnownFileType = sourcecode.swift; path = _12601UITests.swift; sourceTree = "<group>"; };
		2525A62C2753D5C300AB70A2 /* _12601UITestsLaunchTests.swift */ = {isa = PBXFileReference; lastKnownFileType = sourcecode.swift; path = _12601UITestsLaunchTests.swift; sourceTree = "<group>"; };
/* End PBXFileReference section */

/* Begin PBXFrameworksBuildPhase section */
		2525A6032753D5C200AB70A2 /* Frameworks */ = {
			isa = PBXFrameworksBuildPhase;
			buildActionMask = 2147483647;
			files = (
			);
			runOnlyForDeploymentPostprocessing = 0;
		};
		2525A6192753D5C300AB70A2 /* Frameworks */ = {
			isa = PBXFrameworksBuildPhase;
			buildActionMask = 2147483647;
			files = (
			);
			runOnlyForDeploymentPostprocessing = 0;
		};
		2525A6232753D5C300AB70A2 /* Frameworks */ = {
			isa = PBXFrameworksBuildPhase;
			buildActionMask = 2147483647;
			files = (
			);
			runOnlyForDeploymentPostprocessing = 0;
		};
/* End PBXFrameworksBuildPhase section */

/* Begin PBXGroup section */
		2525A5FD2753D5C200AB70A2 = {
			isa = PBXGroup;
			children = (
				2525A6082753D5C200AB70A2 /* 112601 */,
				2525A61F2753D5C300AB70A2 /* 112601Tests */,
				2525A6292753D5C300AB70A2 /* 112601UITests */,
				2525A6072753D5C200AB70A2 /* Products */,
			);
			sourceTree = "<group>";
		};
		2525A6072753D5C200AB70A2 /* Products */ = {
			isa = PBXGroup;
			children = (
				2525A6062753D5C200AB70A2 /* 112601.app */,
				2525A61C2753D5C300AB70A2 /* 112601Tests.xctest */,
				2525A6262753D5C300AB70A2 /* 112601UITests.xctest */,
			);
			name = Products;
			sourceTree = "<group>";
		};
		2525A6082753D5C200AB70A2 /* 112601 */ = {
			isa = PBXGroup;
			children = (
				2525A6092753D5C200AB70A2 /* AppDelegate.swift */,
				2525A60B2753D5C200AB70A2 /* SceneDelegate.swift */,
				2525A60D2753D5C200AB70A2 /* ViewController.swift */,
				2525A60F2753D5C200AB70A2 /* Main.storyboard */,
				2525A6122753D5C300AB70A2 /* Assets.xcassets */,
				2525A6142753D5C300AB70A2 /* LaunchScreen.storyboard */,
				2525A6172753D5C300AB70A2 /* Info.plist */,
			);
			path = 112601;
			sourceTree = "<group>";
		};
		2525A61F2753D5C300AB70A2 /* 112601Tests */ = {
			isa = PBXGroup;
			children = (
				2525A6202753D5C300AB70A2 /* _12601Tests.swift */,
			);
			path = 112601Tests;
			sourceTree = "<group>";
		};
		2525A6292753D5C300AB70A2 /* 112601UITests */ = {
			isa = PBXGroup;
			children = (
				2525A62A2753D5C300AB70A2 /* _12601UITests.swift */,
				2525A62C2753D5C300AB70A2 /* _12601UITestsLaunchTests.swift */,
			);
			path = 112601UITests;
			sourceTree = "<group>";
		};
/* End PBXGroup section */

/* Begin PBXNativeTarget section */
		2525A6052753D5C200AB70A2 /* 112601 */ = {
			isa = PBXNativeTarget;
			buildConfigurationList = 2525A6302753D5C300AB70A2 /* Build configuration list for PBXNativeTarget "112601" */;
			buildPhases = (
				2525A6022753D5C200AB70A2 /* Sources */,
				2525A6032753D5C200AB70A2 /* Frameworks */,
				2525A6042753D5C200AB70A2 /* Resources */,
			);
			buildRules = (
			);
			dependencies = (
			);
			name = 112601;
			productName = 112601;
			productReference = 2525A6062753D5C200AB70A2 /* 112601.app */;
			productType = "com.apple.product-type.application";
		};
		2525A61B2753D5C300AB70A2 /* 112601Tests */ = {
			isa = PBXNativeTarget;
			buildConfigurationList = 2525A6332753D5C300AB70A2 /* Build configuration list for PBXNativeTarget "112601Tests" */;
			buildPhases = (
				2525A6182753D5C300AB70A2 /* Sources */,
				2525A6192753D5C300AB70A2 /* Frameworks */,
				2525A61A2753D5C300AB70A2 /* Resources */,
			);
			buildRules = (
			);
			dependencies = (
				2525A61E2753D5C300AB70A2 /* PBXTargetDependency */,
			);
			name = 112601Tests;
			productName = 112601Tests;
			productReference = 2525A61C2753D5C300AB70A2 /* 112601Tests.xctest */;
			productType = "com.apple.product-type.bundle.unit-test";
		};
		2525A6252753D5C300AB70A2 /* 112601UITests */ = {
			isa = PBXNativeTarget;
			buildConfigurationList = 2525A6362753D5C300AB70A2 /* Build configuration list for PBXNativeTarget "112601UITests" */;
			buildPhases = (
				2525A6222753D5C300AB70A2 /* Sources */,
				2525A6232753D5C300AB70A2 /* Frameworks */,
				2525A6242753D5C300AB70A2 /* Resources */,
			);
			buildRules = (
			);
			dependencies = (
				2525A6282753D5C300AB70A2 /* PBXTargetDependency */,
			);
			name = 112601UITests;
			productName = 112601UITests;
			productReference = 2525A6262753D5C300AB70A2 /* 112601UITests.xctest */;
			productType = "com.apple.product-type.bundle.ui-testing";
		};
/* End PBXNativeTarget section */

/* Begin PBXProject section */
		2525A5FE2753D5C200AB70A2 /* Project object */ = {
			isa = PBXProject;
			attributes = {
				BuildIndependentTargetsInParallel = 1;
				LastSwiftUpdateCheck = 1300;
				LastUpgradeCheck = 1300;
				TargetAttributes = {
					2525A6052753D5C200AB70A2 = {
						CreatedOnToolsVersion = 13.0;
					};
					2525A61B2753D5C300AB70A2 = {
						CreatedOnToolsVersion = 13.0;
						TestTargetID = 2525A6052753D5C200AB70A2;
					};
					2525A6252753D5C300AB70A2 = {
						CreatedOnToolsVersion = 13.0;
						TestTargetID = 2525A6052753D5C200AB70A2;
					};
				};
			};
			buildConfigurationList = 2525A6012753D5C200AB70A2 /* Build configuration list for PBXProject "112601" */;
			compatibilityVersion = "Xcode 13.0";
			developmentRegion = en;
			hasScannedForEncodings = 0;
			knownRegions = (
				en,
				Base,
			);
			mainGroup = 2525A5FD2753D5C200AB70A2;
			productRefGroup = 2525A6072753D5C200AB70A2 /* Products */;
			projectDirPath = "";
			projectRoot = "";
			targets = (
				2525A6052753D5C200AB70A2 /* 112601 */,
				2525A61B2753D5C300AB70A2 /* 112601Tests */,
				2525A6252753D5C300AB70A2 /* 112601UITests */,
			);
		};
/* End PBXProject section */

/* Begin PBXResourcesBuildPhase section */
		2525A6042753D5C200AB70A2 /* Resources */ = {
			isa = PBXResourcesBuildPhase;
			buildActionMask = 2147483647;
			files = (
				2525A6162753D5C300AB70A2 /* LaunchScreen.storyboard in Resources */,
				2525A6132753D5C300AB70A2 /* Assets.xcassets in Resources */,
				2525A6112753D5C200AB70A2 /* Main.storyboard in Resources */,
			);
			runOnlyForDeploymentPostprocessing = 0;
		};
		2525A61A2753D5C300AB70A2 /* Resources */ = {
			isa = PBXResourcesBuildPhase;
			buildActionMask = 2147483647;
			files = (
			);
			runOnlyForDeploymentPostprocessing = 0;
		};
		2525A6242753D5C300AB70A2 /* Resources */ = {
			isa = PBXResourcesBuildPhase;
			buildActionMask = 2147483647;
			files = (
			);
			runOnlyForDeploymentPostprocessing = 0;
		};
/* End PBXResourcesBuildPhase section */

/* Begin PBXSourcesBuildPhase section */
		2525A6022753D5C200AB70A2 /* Sources */ = {
			isa = PBXSourcesBuildPhase;
			buildActionMask = 2147483647;
			files = (
				2525A60E2753D5C200AB70A2 /* ViewController.swift in Sources */,
				2525A60A2753D5C200AB70A2 /* AppDelegate.swift in Sources */,
				2525A60C2753D5C200AB70A2 /* SceneDelegate.swift in Sources */,
			);
			runOnlyForDeploymentPostprocessing = 0;
		};
		2525A6182753D5C300AB70A2 /* Sources */ = {
			isa = PBXSourcesBuildPhase;
			buildActionMask = 2147483647;
			files = (
				2525A6212753D5C300AB70A2 /* _12601Tests.swift in Sources */,
			);
			runOnlyForDeploymentPostprocessing = 0;
		};
		2525A6222753D5C300AB70A2 /* Sources */ = {
			isa = PBXSourcesBuildPhase;
			buildActionMask = 2147483647;
			files = (
				2525A62B2753D5C300AB70A2 /* _12601UITests.swift in Sources */,
				2525A62D2753D5C300AB70A2 /* _12601UITestsLaunchTests.swift in Sources */,
			);
			runOnlyForDeploymentPostprocessing = 0;
		};
/* End PBXSourcesBuildPhase section */

/* Begin PBXTargetDependency section */
		2525A61E2753D5C300AB70A2 /* PBXTargetDependency */ = {
			isa = PBXTargetDependency;
			target = 2525A6052753D5C200AB70A2 /* 112601 */;
			targetProxy = 2525A61D2753D5C300AB70A2 /* PBXContainerItemProxy */;
		};
		2525A6282753D5C300AB70A2 /* PBXTargetDependency */ = {
			isa = PBXTargetDependency;
			target = 2525A6052753D5C200AB70A2 /* 112601 */;
			targetProxy = 2525A6272753D5C300AB70A2 /* PBXContainerItemProxy */;
		};
/* End PBXTargetDependency section */

/* Begin PBXVariantGroup section */
		2525A60F2753D5C200AB70A2 /* Main.storyboard */ = {
			isa = PBXVariantGroup;
			children = (
				2525A6102753D5C200AB70A2 /* Base */,
			);
			name = Main.storyboard;
			sourceTree = "<group>";
		};
		2525A6142753D5C300AB70A2 /* LaunchScreen.storyboard */ = {
			isa = PBXVariantGroup;
			children = (
				2525A6152753D5C300AB70A2 /* Base */,
			);
			name = LaunchScreen.storyboard;
			sourceTree = "<group>";
		};
/* End PBXVariantGroup section */

/* Begin XCBuildConfiguration section */
		2525A62E2753D5C300AB70A2 /* Debug */ = {
			isa = XCBuildConfiguration;
			buildSettings = {
				ALWAYS_SEARCH_USER_PATHS = NO;
				CLANG_ANALYZER_NONNULL = YES;
				CLANG_ANALYZER_NUMBER_OBJECT_CONVERSION = YES_AGGRESSIVE;
				CLANG_CXX_LANGUAGE_STANDARD = "gnu++17";
				CLANG_CXX_LIBRARY = "libc++";
				CLANG_ENABLE_MODULES = YES;
				CLANG_ENABLE_OBJC_ARC = YES;
				CLANG_ENABLE_OBJC_WEAK = YES;
				CLANG_WARN_BLOCK_CAPTURE_AUTORELEASING = YES;
				CLANG_WARN_BOOL_CONVERSION = YES;
				CLANG_WARN_COMMA = YES;
				CLANG_WARN_CONSTANT_CONVERSION = YES;
				CLANG_WARN_DEPRECATED_OBJC_IMPLEMENTATIONS = YES;
				CLANG_WARN_DIRECT_OBJC_ISA_USAGE = YES_ERROR;
				CLANG_WARN_DOCUMENTATION_COMMENTS = YES;
				CLANG_WARN_EMPTY_BODY = YES;
				CLANG_WARN_ENUM_CONVERSION = YES;
				CLANG_WARN_INFINITE_RECURSION = YES;
				CLANG_WARN_INT_CONVERSION = YES;
				CLANG_WARN_NON_LITERAL_NULL_CONVERSION = YES;
				CLANG_WARN_OBJC_IMPLICIT_RETAIN_SELF = YES;
				CLANG_WARN_OBJC_LITERAL_CONVERSION = YES;
				CLANG_WARN_OBJC_ROOT_CLASS = YES_ERROR;
				CLANG_WARN_QUOTED_INCLUDE_IN_FRAMEWORK_HEADER = YES;
				CLANG_WARN_RANGE_LOOP_ANALYSIS = YES;
				CLANG_WARN_STRICT_PROTOTYPES = YES;
				CLANG_WARN_SUSPICIOUS_MOVE = YES;
				CLANG_WARN_UNGUARDED_AVAILABILITY = YES_AGGRESSIVE;
				CLANG_WARN_UNREACHABLE_CODE = YES;
				CLANG_WARN__DUPLICATE_METHOD_MATCH = YES;
				COPY_PHASE_STRIP = NO;
				DEBUG_INFORMATION_FORMAT = dwarf;
				ENABLE_STRICT_OBJC_MSGSEND = YES;
				ENABLE_TESTABILITY = YES;
				GCC_C_LANGUAGE_STANDARD = gnu11;
				GCC_DYNAMIC_NO_PIC = NO;
				GCC_NO_COMMON_BLOCKS = YES;
				GCC_OPTIMIZATION_LEVEL = 0;
				GCC_PREPROCESSOR_DEFINITIONS = (
					"DEBUG=1",
					"$(inherited)",
				);
				GCC_WARN_64_TO_32_BIT_CONVERSION = YES;
				GCC_WARN_ABOUT_RETURN_TYPE = YES_ERROR;
				GCC_WARN_UNDECLARED_SELECTOR = YES;
				GCC_WARN_UNINITIALIZED_AUTOS = YES_AGGRESSIVE;
				GCC_WARN_UNUSED_FUNCTION = YES;
				GCC_WARN_UNUSED_VARIABLE = YES;
				IPHONEOS_DEPLOYMENT_TARGET = 15.0;
				MTL_ENABLE_DEBUG_INFO = INCLUDE_SOURCE;
				MTL_FAST_MATH = YES;
				ONLY_ACTIVE_ARCH = YES;
				SDKROOT = iphoneos;
				SWIFT_ACTIVE_COMPILATION_CONDITIONS = DEBUG;
				SWIFT_OPTIMIZATION_LEVEL = "-Onone";
			};
			name = Debug;
		};
		2525A62F2753D5C300AB70A2 /* Release */ = {
			isa = XCBuildConfiguration;
			buildSettings = {
				ALWAYS_SEARCH_USER_PATHS = NO;
				CLANG_ANALYZER_NONNULL = YES;
				CLANG_ANALYZER_NUMBER_OBJECT_CONVERSION = YES_AGGRESSIVE;
				CLANG_CXX_LANGUAGE_STANDARD = "gnu++17";
				CLANG_CXX_LIBRARY = "libc++";
				CLANG_ENABLE_MODULES = YES;
				CLANG_ENABLE_OBJC_ARC = YES;
				CLANG_ENABLE_OBJC_WEAK = YES;
				CLANG_WARN_BLOCK_CAPTURE_AUTORELEASING = YES;
				CLANG_WARN_BOOL_CONVERSION = YES;
				CLANG_WARN_COMMA = YES;
				CLANG_WARN_CONSTANT_CONVERSION = YES;
				CLANG_WARN_DEPRECATED_OBJC_IMPLEMENTATIONS = YES;
				CLANG_WARN_DIRECT_OBJC_ISA_USAGE = YES_ERROR;
				CLANG_WARN_DOCUMENTATION_COMMENTS = YES;
				CLANG_WARN_EMPTY_BODY = YES;
				CLANG_WARN_ENUM_CONVERSION = YES;
				CLANG_WARN_INFINITE_RECURSION = YES;
				CLANG_WARN_INT_CONVERSION = YES;
				CLANG_WARN_NON_LITERAL_NULL_CONVERSION = YES;
				CLANG_WARN_OBJC_IMPLICIT_RETAIN_SELF = YES;
				CLANG_WARN_OBJC_LITERAL_CONVERSION = YES;
				CLANG_WARN_OBJC_ROOT_CLASS = YES_ERROR;
				CLANG_WARN_QUOTED_INCLUDE_IN_FRAMEWORK_HEADER = YES;
				CLANG_WARN_RANGE_LOOP_ANALYSIS = YES;
				CLANG_WARN_STRICT_PROTOTYPES = YES;
				CLANG_WARN_SUSPICIOUS_MOVE = YES;
				CLANG_WARN_UNGUARDED_AVAILABILITY = YES_AGGRESSIVE;
				CLANG_WARN_UNREACHABLE_CODE = YES;
				CLANG_WARN__DUPLICATE_METHOD_MATCH = YES;
				COPY_PHASE_STRIP = NO;
				DEBUG_INFORMATION_FORMAT = "dwarf-with-dsym";
				ENABLE_NS_ASSERTIONS = NO;
				ENABLE_STRICT_OBJC_MSGSEND = YES;
				GCC_C_LANGUAGE_STANDARD = gnu11;
				GCC_NO_COMMON_BLOCKS = YES;
				GCC_WARN_64_TO_32_BIT_CONVERSION = YES;
				GCC_WARN_ABOUT_RETURN_TYPE = YES_ERROR;
				GCC_WARN_UNDECLARED_SELECTOR = YES;
				GCC_WARN_UNINITIALIZED_AUTOS = YES_AGGRESSIVE;
				GCC_WARN_UNUSED_FUNCTION = YES;
				GCC_WARN_UNUSED_VARIABLE = YES;
				IPHONEOS_DEPLOYMENT_TARGET = 15.0;
				MTL_ENABLE_DEBUG_INFO = NO;
				MTL_FAST_MATH = YES;
				SDKROOT = iphoneos;
				SWIFT_COMPILATION_MODE = wholemodule;
				SWIFT_OPTIMIZATION_LEVEL = "-O";
				VALIDATE_PRODUCT = YES;
			};
			name = Release;
		};
		2525A6312753D5C300AB70A2 /* Debug */ = {
			isa = XCBuildConfiguration;
			buildSettings = {
				ASSETCATALOG_COMPILER_APPICON_NAME = AppIcon;
				ASSETCATALOG_COMPILER_GLOBAL_ACCENT_COLOR_NAME = AccentColor;
				CODE_SIGN_STYLE = Automatic;
				CURRENT_PROJECT_VERSION = 1;
				DEVELOPMENT_TEAM = FWYVY227K8;
				GENERATE_INFOPLIST_FILE = YES;
				INFOPLIST_FILE = 112601/Info.plist;
				INFOPLIST_KEY_UIApplicationSupportsIndirectInputEvents = YES;
				INFOPLIST_KEY_UILaunchStoryboardName = LaunchScreen;
				INFOPLIST_KEY_UIMainStoryboardFile = Main;
				INFOPLIST_KEY_UISupportedInterfaceOrientations_iPad = "UIInterfaceOrientationPortrait UIInterfaceOrientationPortraitUpsideDown UIInterfaceOrientationLandscapeLeft UIInterfaceOrientationLandscapeRight";
				INFOPLIST_KEY_UISupportedInterfaceOrientations_iPhone = "UIInterfaceOrientationPortrait UIInterfaceOrientationLandscapeLeft UIInterfaceOrientationLandscapeRight";
				LD_RUNPATH_SEARCH_PATHS = (
					"$(inherited)",
					"@executable_path/Frameworks",
				);
				MARKETING_VERSION = 1.0;
				PRODUCT_BUNDLE_IDENTIFIER = "com.Jason.-12601";
				PRODUCT_NAME = "$(TARGET_NAME)";
				SWIFT_EMIT_LOC_STRINGS = YES;
				SWIFT_VERSION = 5.0;
				TARGETED_DEVICE_FAMILY = "1,2";
			};
			name = Debug;
		};
		2525A6322753D5C300AB70A2 /* Release */ = {
			isa = XCBuildConfiguration;
			buildSettings = {
				ASSETCATALOG_COMPILER_APPICON_NAME = AppIcon;
				ASSETCATALOG_COMPILER_GLOBAL_ACCENT_COLOR_NAME = AccentColor;
				CODE_SIGN_STYLE = Automatic;
				CURRENT_PROJECT_VERSION = 1;
				DEVELOPMENT_TEAM = FWYVY227K8;
				GENERATE_INFOPLIST_FILE = YES;
				INFOPLIST_FILE = 112601/Info.plist;
				INFOPLIST_KEY_UIApplicationSupportsIndirectInputEvents = YES;
				INFOPLIST_KEY_UILaunchStoryboardName = LaunchScreen;
				INFOPLIST_KEY_UIMainStoryboardFile = Main;
				INFOPLIST_KEY_UISupportedInterfaceOrientations_iPad = "UIInterfaceOrientationPortrait UIInterfaceOrientationPortraitUpsideDown UIInterfaceOrientationLandscapeLeft UIInterfaceOrientationLandscapeRight";
				INFOPLIST_KEY_UISupportedInterfaceOrientations_iPhone = "UIInterfaceOrientationPortrait UIInterfaceOrientationLandscapeLeft UIInterfaceOrientationLandscapeRight";
				LD_RUNPATH_SEARCH_PATHS = (
					"$(inherited)",
					"@executable_path/Frameworks",
				);
				MARKETING_VERSION = 1.0;
				PRODUCT_BUNDLE_IDENTIFIER = "com.Jason.-12601";
				PRODUCT_NAME = "$(TARGET_NAME)";
				SWIFT_EMIT_LOC_STRINGS = YES;
				SWIFT_VERSION = 5.0;
				TARGETED_DEVICE_FAMILY = "1,2";
			};
			name = Release;
		};
		2525A6342753D5C300AB70A2 /* Debug */ = {
			isa = XCBuildConfiguration;
			buildSettings = {
				ALWAYS_EMBED_SWIFT_STANDARD_LIBRARIES = YES;
				BUNDLE_LOADER = "$(TEST_HOST)";
				CODE_SIGN_STYLE = Automatic;
				CURRENT_PROJECT_VERSION = 1;
				DEVELOPMENT_TEAM = FWYVY227K8;
				GENERATE_INFOPLIST_FILE = YES;
				IPHONEOS_DEPLOYMENT_TARGET = 15.0;
				LD_RUNPATH_SEARCH_PATHS = (
					"$(inherited)",
					"@executable_path/Frameworks",
					"@loader_path/Frameworks",
				);
				MARKETING_VERSION = 1.0;
				PRODUCT_BUNDLE_IDENTIFIER = "com.Jason.-12601Tests";
				PRODUCT_NAME = "$(TARGET_NAME)";
				SWIFT_EMIT_LOC_STRINGS = NO;
				SWIFT_VERSION = 5.0;
				TARGETED_DEVICE_FAMILY = "1,2";
				TEST_HOST = "$(BUILT_PRODUCTS_DIR)/112601.app/112601";
			};
			name = Debug;
		};
		2525A6352753D5C300AB70A2 /* Release */ = {
			isa = XCBuildConfiguration;
			buildSettings = {
				ALWAYS_EMBED_SWIFT_STANDARD_LIBRARIES = YES;
				BUNDLE_LOADER = "$(TEST_HOST)";
				CODE_SIGN_STYLE = Automatic;
				CURRENT_PROJECT_VERSION = 1;
				DEVELOPMENT_TEAM = FWYVY227K8;
				GENERATE_INFOPLIST_FILE = YES;
				IPHONEOS_DEPLOYMENT_TARGET = 15.0;
				LD_RUNPATH_SEARCH_PATHS = (
					"$(inherited)",
					"@executable_path/Frameworks",
					"@loader_path/Frameworks",
				);
				MARKETING_VERSION = 1.0;
				PRODUCT_BUNDLE_IDENTIFIER = "com.Jason.-12601Tests";
				PRODUCT_NAME = "$(TARGET_NAME)";
				SWIFT_EMIT_LOC_STRINGS = NO;
				SWIFT_VERSION = 5.0;
				TARGETED_DEVICE_FAMILY = "1,2";
				TEST_HOST = "$(BUILT_PRODUCTS_DIR)/112601.app/112601";
			};
			name = Release;
		};
		2525A6372753D5C300AB70A2 /* Debug */ = {
			isa = XCBuildConfiguration;
			buildSettings = {
				ALWAYS_EMBED_SWIFT_STANDARD_LIBRARIES = YES;
				CODE_SIGN_STYLE = Automatic;
				CURRENT_PROJECT_VERSION = 1;
				DEVELOPMENT_TEAM = FWYVY227K8;
				GENERATE_INFOPLIST_FILE = YES;
				LD_RUNPATH_SEARCH_PATHS = (
					"$(inherited)",
					"@executable_path/Frameworks",
					"@loader_path/Frameworks",
				);
				MARKETING_VERSION = 1.0;
				PRODUCT_BUNDLE_IDENTIFIER = "com.Jason.-12601UITests";
				PRODUCT_NAME = "$(TARGET_NAME)";
				SWIFT_EMIT_LOC_STRINGS = NO;
				SWIFT_VERSION = 5.0;
				TARGETED_DEVICE_FAMILY = "1,2";
				TEST_TARGET_NAME = 112601;
			};
			name = Debug;
		};
		2525A6382753D5C300AB70A2 /* Release */ = {
			isa = XCBuildConfiguration;
			buildSettings = {
				ALWAYS_EMBED_SWIFT_STANDARD_LIBRARIES = YES;
				CODE_SIGN_STYLE = Automatic;
				CURRENT_PROJECT_VERSION = 1;
				DEVELOPMENT_TEAM = FWYVY227K8;
				GENERATE_INFOPLIST_FILE = YES;
				LD_RUNPATH_SEARCH_PATHS = (
					"$(inherited)",
					"@executable_path/Frameworks",
					"@loader_path/Frameworks",
				);
				MARKETING_VERSION = 1.0;
				PRODUCT_BUNDLE_IDENTIFIER = "com.Jason.-12601UITests";
				PRODUCT_NAME = "$(TARGET_NAME)";
				SWIFT_EMIT_LOC_STRINGS = NO;
				SWIFT_VERSION = 5.0;
				TARGETED_DEVICE_FAMILY = "1,2";
				TEST_TARGET_NAME = 112601;
			};
			name = Release;
		};
/* End XCBuildConfiguration section */

/* Begin XCConfigurationList section */
		2525A6012753D5C200AB70A2 /* Build configuration list for PBXProject "112601" */ = {
			isa = XCConfigurationList;
			buildConfigurations = (
				2525A62E2753D5C300AB70A2 /* Debug */,
				2525A62F2753D5C300AB70A2 /* Release */,
			);
			defaultConfigurationIsVisible = 0;
			defaultConfigurationName = Release;
		};
		2525A6302753D5C300AB70A2 /* Build configuration list for PBXNativeTarget "112601" */ = {
			isa = XCConfigurationList;
			buildConfigurations = (
				2525A6312753D5C300AB70A2 /* Debug */,
				2525A6322753D5C300AB70A2 /* Release */,
			);
			defaultConfigurationIsVisible = 0;
			defaultConfigurationName = Release;
		};
		2525A6332753D5C300AB70A2 /* Build configuration list for PBXNativeTarget "112601Tests" */ = {
			isa = XCConfigurationList;
			buildConfigurations = (
				2525A6342753D5C300AB70A2 /* Debug */,
				2525A6352753D5C300AB70A2 /* Release */,
			);
			defaultConfigurationIsVisible = 0;
			defaultConfigurationName = Release;
		};
		2525A6362753D5C300AB70A2 /* Build configuration list for PBXNativeTarget "112601UITests" */ = {
			isa = XCConfigurationList;
			buildConfigurations = (
				2525A6372753D5C300AB70A2 /* Debug */,
				2525A6382753D5C300AB70A2 /* Release */,
			);
			defaultConfigurationIsVisible = 0;
			defaultConfigurationName = Release;
		};
/* End XCConfigurationList section */
	};
	rootObject = 2525A5FE2753D5C200AB70A2 /* Project object */;
}
